
Microsoft Visual Studio Solution File, Format Version 12.00
# Visual Studio Version 17
VisualStudioVersion = 17.12.35707.178
MinimumVisualStudioVersion = 10.0.40219.1
Project("{FAE04EC0-301F-11D3-BF4B-00C04F79EFBC}") = "Exercise_3", "Exercise_3\Exercise_3.csproj", "{8E1EA9E0-6C9C-48F1-944C-1DB70A744185}"
EndProject
Project("{FAE04EC0-301F-11D3-BF4B-00C04F79EFBC}") = "Exercise_4", "Exercise_4\Exercise_4.csproj", "{86545C1D-5D67-4A92-ADCC-250732AC481C}"
EndProject
Project("{FAE04EC0-301F-11D3-BF4B-00C04F79EFBC}") = "Exercise_5", "Exercise_5\Exercise_5.csproj", "{FFC6D6BB-9D5D-48AD-AD4E-268A85705BF0}"
EndProject
Project("{FAE04EC0-301F-11D3-BF4B-00C04F79EFBC}") = "Exercise_1", "Exercise_1\Exercise_1.csproj", "{5346D6CF-F740-4533-B7D9-722D64C06426}"
EndProject
Project("{FAE04EC0-301F-11D3-BF4B-00C04F79EFBC}") = "Exercise_5.Test", "Exercise_5.Test\Exercise_5.Test.csproj", "{74B41296-16D8-4657-9265-BAE817511DE2}"
EndProject
Global
	GlobalSection(SolutionConfigurationPlatforms) = preSolution
		Debug|Any CPU = Debug|Any CPU
		Release|Any CPU = Release|Any CPU
	EndGlobalSection
	GlobalSection(ProjectConfigurationPlatforms) = postSolution
		{8E1EA9E0-6C9C-48F1-944C-1DB70A744185}.Debug|Any CPU.ActiveCfg = Debug|Any CPU
		{8E1EA9E0-6C9C-48F1-944C-1DB70A744185}.Debug|Any CPU.Build.0 = Debug|Any CPU
		{8E1EA9E0-6C9C-48F1-944C-1DB70A744185}.Release|Any CPU.ActiveCfg = Release|Any CPU
		{8E1EA9E0-6C9C-48F1-944C-1DB70A744185}.Release|Any CPU.Build.0 = Release|Any CPU
		{86545C1D-5D67-4A92-ADCC-250732AC481C}.Debug|Any CPU.ActiveCfg = Debug|Any CPU
		{86545C1D-5D67-4A92-ADCC-250732AC481C}.Debug|Any CPU.Build.0 = Debug|Any CPU
		{86545C1D-5D67-4A92-ADCC-250732AC481C}.Release|Any CPU.ActiveCfg = Release|Any CPU
		{86545C1D-5D67-4A92-ADCC-250732AC481C}.Release|Any CPU.Build.0 = Release|Any CPU
		{FFC6D6BB-9D5D-48AD-AD4E-268A85705BF0}.Debug|Any CPU.ActiveCfg = Debug|Any CPU
		{FFC6D6BB-9D5D-48AD-AD4E-268A85705BF0}.Debug|Any CPU.Build.0 = Debug|Any CPU
		{FFC6D6BB-9D5D-48AD-AD4E-268A85705BF0}.Release|Any CPU.ActiveCfg = Release|Any CPU
		{FFC6D6BB-9D5D-48AD-AD4E-268A85705BF0}.Release|Any CPU.Build.0 = Release|Any CPU
		{5346D6CF-F740-4533-B7D9-722D64C06426}.Debug|Any CPU.ActiveCfg = Debug|Any CPU
		{5346D6CF-F740-4533-B7D9-722D64C06426}.Debug|Any CPU.Build.0 = Debug|Any CPU
		{5346D6CF-F740-4533-B7D9-722D64C06426}.Release|Any CPU.ActiveCfg = Release|Any CPU
		{5346D6CF-F740-4533-B7D9-722D64C06426}.Release|Any CPU.Build.0 = Release|Any CPU
		{74B41296-16D8-4657-9265-BAE817511DE2}.Debug|Any CPU.ActiveCfg = Debug|Any CPU
		{74B41296-16D8-4657-9265-BAE817511DE2}.Debug|Any CPU.Build.0 = Debug|Any CPU
		{74B41296-16D8-4657-9265-BAE817511DE2}.Release|Any CPU.ActiveCfg = Release|Any CPU
		{74B41296-16D8-4657-9265-BAE817511DE2}.Release|Any CPU.Build.0 = Release|Any CPU
	EndGlobalSection
	GlobalSection(SolutionProperties) = preSolution
		HideSolutionNode = FALSE
	EndGlobalSection
EndGlobal
